
Microsoft Visual Studio Solution File, Format Version 12.00
# Visual Studio Version 17
VisualStudioVersion = 17.1.32421.90
MinimumVisualStudioVersion = 10.0.40219.1
Project("{9A19103F-16F7-4668-BE54-9A1E7A4F7556}") = "CropperCore", "CropperCore\CropperCore.csproj", "{8CFC575B-3903-423F-B6BE-E1D3DAB78DA5}"
EndProject
Project("{9A19103F-16F7-4668-BE54-9A1E7A4F7556}") = "CropperCoreTest", "CropperCoreTest\CropperCoreTest.csproj", "{370D496A-2122-4E05-A3A3-29D5B29E6C8C}"
EndProject
Global
	GlobalSection(SolutionConfigurationPlatforms) = preSolution
		Debug|Any CPU = Debug|Any CPU
		Release|Any CPU = Release|Any CPU
	EndGlobalSection
	GlobalSection(ProjectConfigurationPlatforms) = postSolution
		{8CFC575B-3903-423F-B6BE-E1D3DAB78DA5}.Debug|Any CPU.ActiveCfg = Debug|Any CPU
		{8CFC575B-3903-423F-B6BE-E1D3DAB78DA5}.Debug|Any CPU.Build.0 = Debug|Any CPU
		{8CFC575B-3903-423F-B6BE-E1D3DAB78DA5}.Release|Any CPU.ActiveCfg = Release|Any CPU
		{8CFC575B-3903-423F-B6BE-E1D3DAB78DA5}.Release|Any CPU.Build.0 = Release|Any CPU
		{370D496A-2122-4E05-A3A3-29D5B29E6C8C}.Debug|Any CPU.ActiveCfg = Debug|Any CPU
		{370D496A-2122-4E05-A3A3-29D5B29E6C8C}.Debug|Any CPU.Build.0 = Debug|Any CPU
		{370D496A-2122-4E05-A3A3-29D5B29E6C8C}.Release|Any CPU.ActiveCfg = Release|Any CPU
		{370D496A-2122-4E05-A3A3-29D5B29E6C8C}.Release|Any CPU.Build.0 = Release|Any CPU
	EndGlobalSection
	GlobalSection(SolutionProperties) = preSolution
		HideSolutionNode = FALSE
	EndGlobalSection
	GlobalSection(ExtensibilityGlobals) = postSolution
		SolutionGuid = {A0ECAAC9-A6B2-48F9-B9F2-09327F2763FE}
	EndGlobalSection
EndGlobal
